
Microsoft Visual Studio Solution File, Format Version 12.00
# Visual Studio Version 16
VisualStudioVersion = 16.0.30320.27
MinimumVisualStudioVersion = 10.0.40219.1
Project("{FAE04EC0-301F-11D3-BF4B-00C04F79EFBC}") = "WebApplication1", "WebApplication1\WebApplication1.csproj", "{0BFA01FD-7495-4008-87F3-CB5E3C03F67A}"
EndProject
Global
	GlobalSection(SolutionConfigurationPlatforms) = preSolution
		Debug|Any CPU = Debug|Any CPU
		Release|Any CPU = Release|Any CPU
	EndGlobalSection
	GlobalSection(ProjectConfigurationPlatforms) = postSolution
		{0BFA01FD-7495-4008-87F3-CB5E3C03F67A}.Debug|Any CPU.ActiveCfg = Debug|Any CPU
		{0BFA01FD-7495-4008-87F3-CB5E3C03F67A}.Debug|Any CPU.Build.0 = Debug|Any CPU
		{0BFA01FD-7495-4008-87F3-CB5E3C03F67A}.Release|Any CPU.ActiveCfg = Release|Any CPU
		{0BFA01FD-7495-4008-87F3-CB5E3C03F67A}.Release|Any CPU.Build.0 = Release|Any CPU
	EndGlobalSection
	GlobalSection(SolutionProperties) = preSolution
		HideSolutionNode = FALSE
	EndGlobalSection
	GlobalSection(ExtensibilityGlobals) = postSolution
		SolutionGuid = {330F5D51-CCF4-4791-B254-70FFBD8119CF}
	EndGlobalSection
EndGlobal
